Microsoft Visual Studio Solution File, Format Version 12.00
# Visual Studio Version 17
VisualStudioVersion = 17.12.35527.113
MinimumVisualStudioVersion = 10.0.40219.1
Project("{FAE04EC0-301F-11D3-BF4B-00C04F79EFBC}") = "RealtyHub.AppHost", "RealtyHub.AppHost\RealtyHub.AppHost.csproj", "{E51AF8B9-0B75-4D03-8B0F-1E8CDA30F2AC}"
EndProject
Project("{FAE04EC0-301F-11D3-BF4B-00C04F79EFBC}") = "RealtyHub.ServiceDefaults", "RealtyHub.ServiceDefaults\RealtyHub.ServiceDefaults.csproj", "{9E97DB67-1754-4145-BD75-963E87212B6A}"
EndProject
Project("{FAE04EC0-301F-11D3-BF4B-00C04F79EFBC}") = "RealtyHub.ApiService", "RealtyHub.ApiService\RealtyHub.ApiService.csproj", "{7C0BDC08-6A4E-4C8B-8346-151C3D9B9F58}"
EndProject
Project("{FAE04EC0-301F-11D3-BF4B-00C04F79EFBC}") = "RealtyHub.Web", "RealtyHub.Web\RealtyHub.Web.csproj", "{A35ADF7A-FA42-4212-BB73-90A1096D0DF7}"
EndProject
Project("{FAE04EC0-301F-11D3-BF4B-00C04F79EFBC}") = "RealtyHub.Tests", "RealtyHub.Tests\RealtyHub.Tests.csproj", "{DD05D1FE-E72D-418A-A242-A7379CED06B8}"
EndProject
Project("{FAE04EC0-301F-11D3-BF4B-00C04F79EFBC}") = "RealtyHub.Core", "RealtyHub.Core\RealtyHub.Core.csproj", "{4CAB8F0F-8228-436A-B50D-498B1421D31E}"
EndProject
Global
	GlobalSection(SolutionConfigurationPlatforms) = preSolution
		Debug|Any CPU = Debug|Any CPU
		Release|Any CPU = Release|Any CPU
	EndGlobalSection
	GlobalSection(ProjectConfigurationPlatforms) = postSolution
		{E51AF8B9-0B75-4D03-8B0F-1E8CDA30F2AC}.Debug|Any CPU.ActiveCfg = Debug|Any CPU
		{E51AF8B9-0B75-4D03-8B0F-1E8CDA30F2AC}.Debug|Any CPU.Build.0 = Debug|Any CPU
		{E51AF8B9-0B75-4D03-8B0F-1E8CDA30F2AC}.Release|Any CPU.ActiveCfg = Release|Any CPU
		{E51AF8B9-0B75-4D03-8B0F-1E8CDA30F2AC}.Release|Any CPU.Build.0 = Release|Any CPU
		{9E97DB67-1754-4145-BD75-963E87212B6A}.Debug|Any CPU.ActiveCfg = Debug|Any CPU
		{9E97DB67-1754-4145-BD75-963E87212B6A}.Debug|Any CPU.Build.0 = Debug|Any CPU
		{9E97DB67-1754-4145-BD75-963E87212B6A}.Release|Any CPU.ActiveCfg = Release|Any CPU
		{9E97DB67-1754-4145-BD75-963E87212B6A}.Release|Any CPU.Build.0 = Release|Any CPU
		{7C0BDC08-6A4E-4C8B-8346-151C3D9B9F58}.Debug|Any CPU.ActiveCfg = Debug|Any CPU
		{7C0BDC08-6A4E-4C8B-8346-151C3D9B9F58}.Debug|Any CPU.Build.0 = Debug|Any CPU
		{7C0BDC08-6A4E-4C8B-8346-151C3D9B9F58}.Release|Any CPU.ActiveCfg = Release|Any CPU
		{7C0BDC08-6A4E-4C8B-8346-151C3D9B9F58}.Release|Any CPU.Build.0 = Release|Any CPU
		{A35ADF7A-FA42-4212-BB73-90A1096D0DF7}.Debug|Any CPU.ActiveCfg = Debug|Any CPU
		{A35ADF7A-FA42-4212-BB73-90A1096D0DF7}.Debug|Any CPU.Build.0 = Debug|Any CPU
		{A35ADF7A-FA42-4212-BB73-90A1096D0DF7}.Release|Any CPU.ActiveCfg = Release|Any CPU
		{A35ADF7A-FA42-4212-BB73-90A1096D0DF7}.Release|Any CPU.Build.0 = Release|Any CPU
		{DD05D1FE-E72D-418A-A242-A7379CED06B8}.Debug|Any CPU.ActiveCfg = Debug|Any CPU
		{DD05D1FE-E72D-418A-A242-A7379CED06B8}.Debug|Any CPU.Build.0 = Debug|Any CPU
		{DD05D1FE-E72D-418A-A242-A7379CED06B8}.Release|Any CPU.ActiveCfg = Release|Any CPU
		{DD05D1FE-E72D-418A-A242-A7379CED06B8}.Release|Any CPU.Build.0 = Release|Any CPU
		{4CAB8F0F-8228-436A-B50D-498B1421D31E}.Debug|Any CPU.ActiveCfg = Debug|Any CPU
		{4CAB8F0F-8228-436A-B50D-498B1421D31E}.Debug|Any CPU.Build.0 = Debug|Any CPU
		{4CAB8F0F-8228-436A-B50D-498B1421D31E}.Release|Any CPU.ActiveCfg = Release|Any CPU
		{4CAB8F0F-8228-436A-B50D-498B1421D31E}.Release|Any CPU.Build.0 = Release|Any CPU
	EndGlobalSection
	GlobalSection(SolutionProperties) = preSolution
		HideSolutionNode = FALSE
	EndGlobalSection
EndGlobal
